
Microsoft Visual Studio Solution File, Format Version 12.00
# Visual Studio 15
VisualStudioVersion = 15.0.26430.6
MinimumVisualStudioVersion = 10.0.40219.1
Project("{FAE04EC0-301F-11D3-BF4B-00C04F79EFBC}") = "Saturn72.SimpleIoc", "Saturn72.SimpleIoc\Saturn72.SimpleIoc.csproj", "{C6198079-F7A0-4F90-A481-D1A9F0B16298}"
EndProject
Project("{FAE04EC0-301F-11D3-BF4B-00C04F79EFBC}") = "Saturn72.SimpleIoc.Tests", "Saturn72.SimpleIoc.Tests\Saturn72.SimpleIoc.Tests.csproj", "{9C116A3B-D112-458F-8BC2-26B59616821B}"
EndProject
Global
	GlobalSection(SolutionConfigurationPlatforms) = preSolution
		Debug|Any CPU = Debug|Any CPU
		Release|Any CPU = Release|Any CPU
	EndGlobalSection
	GlobalSection(ProjectConfigurationPlatforms) = postSolution
		{C6198079-F7A0-4F90-A481-D1A9F0B16298}.Debug|Any CPU.ActiveCfg = Debug|Any CPU
		{C6198079-F7A0-4F90-A481-D1A9F0B16298}.Debug|Any CPU.Build.0 = Debug|Any CPU
		{C6198079-F7A0-4F90-A481-D1A9F0B16298}.Release|Any CPU.ActiveCfg = Release|Any CPU
		{C6198079-F7A0-4F90-A481-D1A9F0B16298}.Release|Any CPU.Build.0 = Release|Any CPU
		{9C116A3B-D112-458F-8BC2-26B59616821B}.Debug|Any CPU.ActiveCfg = Debug|Any CPU
		{9C116A3B-D112-458F-8BC2-26B59616821B}.Debug|Any CPU.Build.0 = Debug|Any CPU
		{9C116A3B-D112-458F-8BC2-26B59616821B}.Release|Any CPU.ActiveCfg = Release|Any CPU
		{9C116A3B-D112-458F-8BC2-26B59616821B}.Release|Any CPU.Build.0 = Release|Any CPU
	EndGlobalSection
	GlobalSection(SolutionProperties) = preSolution
		HideSolutionNode = FALSE
	EndGlobalSection
EndGlobal
